
Microsoft Visual Studio Solution File, Format Version 12.00
# Visual Studio 2017
Project("{FAE04EC0-301F-11D3-BF4B-00C04F79EFBC}") = "ani", "ani.csproj", "{4A1F0BD8-40BF-715E-0BD0-576D1AD8A374}"
EndProject
Project("{FAE04EC0-301F-11D3-BF4B-00C04F79EFBC}") = "ani.Editor", "ani.Editor.csproj", "{6D08B259-8DDC-42D0-BA10-DF50E4748A8D}"
EndProject
Global
	GlobalSection(SolutionConfigurationPlatforms) = preSolution
		Debug|Any CPU = Debug|Any CPU
		Release|Any CPU = Release|Any CPU
	EndGlobalSection
	GlobalSection(ProjectConfigurationPlatforms) = postSolution
		{4A1F0BD8-40BF-715E-0BD0-576D1AD8A374}.Debug|Any CPU.ActiveCfg = Debug|Any CPU
		{4A1F0BD8-40BF-715E-0BD0-576D1AD8A374}.Debug|Any CPU.Build.0 = Debug|Any CPU
		{4A1F0BD8-40BF-715E-0BD0-576D1AD8A374}.Release|Any CPU.ActiveCfg = Release|Any CPU
		{4A1F0BD8-40BF-715E-0BD0-576D1AD8A374}.Release|Any CPU.Build.0 = Release|Any CPU
		{6D08B259-8DDC-42D0-BA10-DF50E4748A8D}.Debug|Any CPU.ActiveCfg = Debug|Any CPU
		{6D08B259-8DDC-42D0-BA10-DF50E4748A8D}.Debug|Any CPU.Build.0 = Debug|Any CPU
		{6D08B259-8DDC-42D0-BA10-DF50E4748A8D}.Release|Any CPU.ActiveCfg = Release|Any CPU
		{6D08B259-8DDC-42D0-BA10-DF50E4748A8D}.Release|Any CPU.Build.0 = Release|Any CPU
	EndGlobalSection
	GlobalSection(SolutionProperties) = preSolution
		HideSolutionNode = FALSE
	EndGlobalSection
EndGlobal
