
Microsoft Visual Studio Solution File, Format Version 12.00
# Visual Studio 2017
Project("{FAE04EC0-301F-11D3-BF4B-00C04F79EFBC}") = "O2CubeProject", "O2CubeProject.csproj", "{02814E94-DB40-4233-CA17-640E4A95BAE1}"
EndProject
Project("{FAE04EC0-301F-11D3-BF4B-00C04F79EFBC}") = "O2CubeProject.Editor", "O2CubeProject.Editor.csproj", "{4E22D242-E9AE-C9A2-6910-FDAD8C552EF6}"
EndProject
Global
	GlobalSection(SolutionConfigurationPlatforms) = preSolution
		Debug|Any CPU = Debug|Any CPU
		Release|Any CPU = Release|Any CPU
	EndGlobalSection
	GlobalSection(ProjectConfigurationPlatforms) = postSolution
		{02814E94-DB40-4233-CA17-640E4A95BAE1}.Debug|Any CPU.ActiveCfg = Debug|Any CPU
		{02814E94-DB40-4233-CA17-640E4A95BAE1}.Debug|Any CPU.Build.0 = Debug|Any CPU
		{02814E94-DB40-4233-CA17-640E4A95BAE1}.Release|Any CPU.ActiveCfg = Release|Any CPU
		{02814E94-DB40-4233-CA17-640E4A95BAE1}.Release|Any CPU.Build.0 = Release|Any CPU
		{4E22D242-E9AE-C9A2-6910-FDAD8C552EF6}.Debug|Any CPU.ActiveCfg = Debug|Any CPU
		{4E22D242-E9AE-C9A2-6910-FDAD8C552EF6}.Debug|Any CPU.Build.0 = Debug|Any CPU
		{4E22D242-E9AE-C9A2-6910-FDAD8C552EF6}.Release|Any CPU.ActiveCfg = Release|Any CPU
		{4E22D242-E9AE-C9A2-6910-FDAD8C552EF6}.Release|Any CPU.Build.0 = Release|Any CPU
	EndGlobalSection
	GlobalSection(SolutionProperties) = preSolution
		HideSolutionNode = FALSE
	EndGlobalSection
EndGlobal
